<?xml version="1.0" encoding="utf-8"?>
<Project ToolsVersion="4.0" xmlns="http://schemas.microsoft.com/developer/msbuild/2003">
  <ItemGroup>
    <Filter Include="Source Files">
      <UniqueIdentifier>{4FC737F1-C7A5-4376-A066-2A32D752A2FF}</UniqueIdentifier>
      <Extensions>cpp;c;cc;cxx;def;odl;idl;hpj;bat;asm;asmx</Extensions>
    </Filter>
    <Filter Include="Header Files">
      <UniqueIdentifier>{93995380-89BD-4b04-88EB-625FBE52EBFB}</UniqueIdentifier>
      <Extensions>h;hh;hpp;hxx;hm;inl;inc;xsd</Extensions>
    </Filter>
    <Filter Include="Resource Files">
      <UniqueIdentifier>{D9D6E242-F8AF-46E4-B9FD-80ECBC20BA3E}</UniqueIdentifier>
      <Extensions>qrc;*</Extensions>
      <ParseFiles>false</ParseFiles>
    </Filter>
    <Filter Include="Form Files">
      <UniqueIdentifier>{99349809-55BA-4b9d-BF79-8FDBB0286EB3}</UniqueIdentifier>
      <Extensions>ui</Extensions>
    </Filter>
    <Filter Include="Resource Files">
      <UniqueIdentifier>{D9D6E242-F8AF-46E4-B9FD-80ECBC20BA3E}</UniqueIdentifier>
      <Extensions>qrc;*</Extensions>
      <ParseFiles>false</ParseFiles>
    </Filter>
    <Filter Include="Generated Files">
      <UniqueIdentifier>{71ED8ED8-ACB9-4CE9-BBE1-E00B30144E11}</UniqueIdentifier>
      <Extensions>moc;h;cpp</Extensions>
      <SourceControlFiles>False</SourceControlFiles>
    </Filter>
    <Filter Include="Header Files\Devices">
      <UniqueIdentifier>{401171e7-8c89-4258-b723-1835211a66d7}</UniqueIdentifier>
    </Filter>
    <Filter Include="Header Files\Acquisition">
      <UniqueIdentifier>{318607a8-a2b1-4b9e-adeb-c945b11f2e4f}</UniqueIdentifier>
    </Filter>
    <Filter Include="Header Files\Acquisition\AcquisitionModes">
      <UniqueIdentifier>{264fe909-a11b-42b9-a49c-61fed7708081}</UniqueIdentifier>
    </Filter>
    <Filter Include="Source Files\Devices">
      <UniqueIdentifier>{5481ad0f-87df-4724-9868-42f7fca04a72}</UniqueIdentifier>
    </Filter>
    <Filter Include="Source Files\Acquisition">
      <UniqueIdentifier>{386340b8-754b-4a59-8e19-4d0faa378b63}</UniqueIdentifier>
    </Filter>
    <Filter Include="Source Files\Acquisition\AcquisitionModes">
      <UniqueIdentifier>{db791b25-91d9-4fdf-b812-1ddf72d2bf37}</UniqueIdentifier>
    </Filter>
    <Filter Include="Header Files\Devices\Cameras">
      <UniqueIdentifier>{95d9e03f-76c5-409c-b6af-d6c2d25dde44}</UniqueIdentifier>
    </Filter>
    <Filter Include="Header Files\Devices\ScanControls">
      <UniqueIdentifier>{99d67e35-55c6-4427-855f-9a491df9938b}</UniqueIdentifier>
    </Filter>
    <Filter Include="Source Files\Devices\Cameras">
      <UniqueIdentifier>{2a8f549e-4329-4255-b1a0-fdce74b84900}</UniqueIdentifier>
    </Filter>
    <Filter Include="Source Files\Devices\ScanControls">
      <UniqueIdentifier>{99819167-c51e-418d-a2ae-c78969a36d45}</UniqueIdentifier>
    </Filter>
  </ItemGroup>
  <ItemGroup>
    <ClCompile Include="GeneratedFiles\Debug\moc_BrillouinAcquisition.cpp">
      <Filter>Generated Files</Filter>
    </ClCompile>
    <ClCompile Include="GeneratedFiles\Release\moc_BrillouinAcquisition.cpp">
      <Filter>Generated Files</Filter>
    </ClCompile>
    <ClCompile Include="GeneratedFiles\qrc_BrillouinAcquisition.cpp">
      <Filter>Generated Files</Filter>
    </ClCompile>
    <ClCompile Include="GeneratedFiles\Debug\moc_thread.cpp">
      <Filter>Generated Files</Filter>
    </ClCompile>
    <ClCompile Include="GeneratedFiles\Release\moc_thread.cpp">
      <Filter>Generated Files</Filter>
    </ClCompile>
    <ClCompile Include="GeneratedFiles\Debug\moc_andor.cpp">
      <Filter>Generated Files</Filter>
    </ClCompile>
    <ClCompile Include="GeneratedFiles\Release\moc_andor.cpp">
      <Filter>Generated Files</Filter>
    </ClCompile>
    <ClCompile Include="GeneratedFiles\Debug\moc_qcustomplot.cpp">
      <Filter>Generated Files</Filter>
    </ClCompile>
    <ClCompile Include="GeneratedFiles\Release\moc_qcustomplot.cpp">
      <Filter>Generated Files</Filter>
    </ClCompile>
    <ClCompile Include="GeneratedFiles\Debug\moc_h5bm.cpp">
      <Filter>Generated Files</Filter>
    </ClCompile>
    <ClCompile Include="GeneratedFiles\Release\moc_h5bm.cpp">
      <Filter>Generated Files</Filter>
    </ClCompile>
    <ClCompile Include="GeneratedFiles\Debug\moc_Camera.cpp">
      <Filter>Generated Files</Filter>
    </ClCompile>
    <ClCompile Include="GeneratedFiles\Release\moc_Camera.cpp">
      <Filter>Generated Files</Filter>
    </ClCompile>
    <ClCompile Include="GeneratedFiles\Debug\moc_Device.cpp">
      <Filter>Generated Files</Filter>
    </ClCompile>
    <ClCompile Include="GeneratedFiles\Release\moc_Device.cpp">
      <Filter>Generated Files</Filter>
    </ClCompile>
    <ClCompile Include="external\h5bm\h5bm.cpp">
      <Filter>Source Files</Filter>
    </ClCompile>
    <ClCompile Include="GeneratedFiles\Debug\moc_Acquisition.cpp">
      <Filter>Generated Files</Filter>
    </ClCompile>
    <ClCompile Include="GeneratedFiles\Release\moc_Acquisition.cpp">
      <Filter>Generated Files</Filter>
    </ClCompile>
    <ClCompile Include="GeneratedFiles\Debug\moc_storageWrapper.cpp">
      <Filter>Generated Files</Filter>
    </ClCompile>
    <ClCompile Include="GeneratedFiles\Release\moc_storageWrapper.cpp">
      <Filter>Generated Files</Filter>
    </ClCompile>
    <ClCompile Include="GeneratedFiles\Debug\moc_ZeissECU.cpp">
      <Filter>Generated Files</Filter>
    </ClCompile>
    <ClCompile Include="GeneratedFiles\Release\moc_ZeissECU.cpp">
      <Filter>Generated Files</Filter>
    </ClCompile>
    <ClCompile Include="GeneratedFiles\Debug\moc_scancontrol.cpp">
      <Filter>Generated Files</Filter>
    </ClCompile>
    <ClCompile Include="GeneratedFiles\Release\moc_scancontrol.cpp">
      <Filter>Generated Files</Filter>
    </ClCompile>
    <ClCompile Include="GeneratedFiles\Debug\moc_NIDAQ.cpp">
      <Filter>Generated Files</Filter>
    </ClCompile>
    <ClCompile Include="GeneratedFiles\Release\moc_NIDAQ.cpp">
      <Filter>Generated Files</Filter>
    </ClCompile>
    <ClCompile Include="GeneratedFiles\Debug\moc_tableModel.cpp">
      <Filter>Generated Files</Filter>
    </ClCompile>
    <ClCompile Include="GeneratedFiles\Release\moc_tableModel.cpp">
      <Filter>Generated Files</Filter>
    </ClCompile>
    <ClCompile Include="GeneratedFiles\Debug\moc_PointGrey.cpp">
      <Filter>Generated Files</Filter>
    </ClCompile>
    <ClCompile Include="GeneratedFiles\Release\moc_PointGrey.cpp">
      <Filter>Generated Files</Filter>
    </ClCompile>
    <ClCompile Include="GeneratedFiles\Debug\moc_Brillouin.cpp">
      <Filter>Generated Files</Filter>
    </ClCompile>
    <ClCompile Include="GeneratedFiles\Debug\moc_ODT.cpp">
      <Filter>Generated Files</Filter>
    </ClCompile>
    <ClCompile Include="GeneratedFiles\Release\moc_Brillouin.cpp">
      <Filter>Generated Files</Filter>
    </ClCompile>
    <ClCompile Include="GeneratedFiles\Release\moc_ODT.cpp">
      <Filter>Generated Files</Filter>
    </ClCompile>
    <ClCompile Include="GeneratedFiles\Debug\moc_AcquisitionMode.cpp">
      <Filter>Generated Files</Filter>
    </ClCompile>
    <ClCompile Include="GeneratedFiles\Release\moc_AcquisitionMode.cpp">
      <Filter>Generated Files</Filter>
    </ClCompile>
    <ClCompile Include="src\BrillouinAcquisition.cpp">
      <Filter>Source Files</Filter>
    </ClCompile>
    <ClCompile Include="src\logger.cpp">
      <Filter>Source Files</Filter>
    </ClCompile>
    <ClCompile Include="src\main.cpp">
      <Filter>Source Files</Filter>
    </ClCompile>
    <ClCompile Include="src\storageWrapper.cpp">
      <Filter>Source Files</Filter>
    </ClCompile>
    <ClCompile Include="src\tableModel.cpp">
      <Filter>Source Files</Filter>
    </ClCompile>
    <ClCompile Include="external\qcustomplot\qcustomplot.cpp">
      <Filter>Source Files</Filter>
    </ClCompile>
    <ClCompile Include="src\stdafx.cpp">
      <Filter>Source Files</Filter>
    </ClCompile>
    <ClCompile Include="src\Devices\Cameras\andor.cpp">
      <Filter>Source Files\Devices\Cameras</Filter>
    </ClCompile>
    <ClCompile Include="src\Devices\Cameras\Camera.cpp">
      <Filter>Source Files\Devices\Cameras</Filter>
    </ClCompile>
    <ClCompile Include="src\Devices\Device.cpp">
      <Filter>Source Files\Devices</Filter>
    </ClCompile>
    <ClCompile Include="src\Devices\ScanControls\NIDAQ.cpp">
      <Filter>Source Files\Devices\ScanControls</Filter>
    </ClCompile>
    <ClCompile Include="src\Devices\Cameras\PointGrey.cpp">
      <Filter>Source Files\Devices\Cameras</Filter>
    </ClCompile>
    <ClCompile Include="src\Devices\ScanControls\ScanControl.cpp">
      <Filter>Source Files\Devices\ScanControls</Filter>
    </ClCompile>
    <ClCompile Include="src\Devices\ScanControls\ZeissECU.cpp">
      <Filter>Source Files\Devices\ScanControls</Filter>
    </ClCompile>
    <ClCompile Include="src\Acquisition\Acquisition.cpp">
      <Filter>Source Files\Acquisition</Filter>
    </ClCompile>
    <ClCompile Include="src\Acquisition\AcquisitionModes\AcquisitionMode.cpp">
      <Filter>Source Files\Acquisition\AcquisitionModes</Filter>
    </ClCompile>
    <ClCompile Include="src\Acquisition\AcquisitionModes\Brillouin.cpp">
      <Filter>Source Files\Acquisition\AcquisitionModes</Filter>
    </ClCompile>
    <ClCompile Include="src\Acquisition\AcquisitionModes\ODT.cpp">
      <Filter>Source Files\Acquisition\AcquisitionModes</Filter>
    </ClCompile>
    <ClCompile Include="src\Devices\com.cpp">
      <Filter>Source Files\Devices</Filter>
    </ClCompile>
    <ClCompile Include="src\Devices\filtermount.cpp">
      <Filter>Source Files\Devices</Filter>
    </ClCompile>
    <ClCompile Include="src\Acquisition\AcquisitionModes\Fluorescence.cpp">
      <Filter>Source Files\Acquisition\AcquisitionModes</Filter>
    </ClCompile>
    <ClCompile Include="GeneratedFiles\Debug\moc_Fluorescence.cpp">
      <Filter>Generated Files</Filter>
    </ClCompile>
    <ClCompile Include="GeneratedFiles\Release\moc_Fluorescence.cpp">
      <Filter>Generated Files</Filter>
    </ClCompile>
    <ClCompile Include="GeneratedFiles\Debug\moc_uEyeCam.cpp">
      <Filter>Generated Files</Filter>
    </ClCompile>
    <ClCompile Include="GeneratedFiles\Release\moc_uEyeCam.cpp">
      <Filter>Generated Files</Filter>
    </ClCompile>
    <ClCompile Include="src\Devices\Cameras\uEyeCam.cpp">
      <Filter>Source Files\Devices\Cameras</Filter>
    </ClCompile>
    <ClCompile Include="GeneratedFiles\Debug\moc_VoltageCalibration.cpp">
      <Filter>Generated Files</Filter>
    </ClCompile>
    <ClCompile Include="src\Acquisition\AcquisitionModes\VoltageCalibration.cpp">
      <Filter>Source Files\Acquisition\AcquisitionModes</Filter>
    </ClCompile>
    <ClCompile Include="GeneratedFiles\Debug\moc_converter.cpp">
      <Filter>Generated Files</Filter>
    </ClCompile>
    <ClCompile Include="GeneratedFiles\Release\moc_converter.cpp">
      <Filter>Generated Files</Filter>
    </ClCompile>
    <ClCompile Include="src\converter.cpp">
      <Filter>Source Files</Filter>
    </ClCompile>
    <ClCompile Include="external\unwrap\unwrap2D.c">
      <Filter>Source Files</Filter>
    </ClCompile>
    <ClCompile Include="src\unwrap2wrapper.cpp">
      <Filter>Source Files</Filter>
    </ClCompile>
    <ClCompile Include="src\xsample.cpp">
      <Filter>Source Files</Filter>
    </ClCompile>
    <ClCompile Include="src\Devices\Cameras\pvcamera.cpp">
      <Filter>Source Files\Devices\Cameras</Filter>
    </ClCompile>
    <ClCompile Include="GeneratedFiles\Debug\moc_pvcamera.cpp">
      <Filter>Generated Files</Filter>
    </ClCompile>
    <ClCompile Include="GeneratedFiles\Release\moc_pvcamera.cpp">
      <Filter>Generated Files</Filter>
    </ClCompile>
    <ClCompile Include="src\Devices\ScanControls\ZeissMTB.cpp">
      <Filter>Source Files\Devices\ScanControls</Filter>
    </ClCompile>
    <ClCompile Include="GeneratedFiles\Debug\moc_ZeissMTB_Erlangen.cpp">
      <Filter>Generated Files</Filter>
    </ClCompile>
    <ClCompile Include="GeneratedFiles\Release\moc_ZeissMTB_Erlangen.cpp">
      <Filter>Generated Files</Filter>
    </ClCompile>
    <ClCompile Include="src\Devices\ScanControls\ZeissMTB_Erlangen.cpp">
      <Filter>Source Files\Devices\ScanControls</Filter>
    </ClCompile>
    <ClCompile Include="GeneratedFiles\Debug\moc_ODTControl.cpp">
      <Filter>Generated Files</Filter>
    </ClCompile>
    <ClCompile Include="GeneratedFiles\Release\moc_ODTControl.cpp">
      <Filter>Generated Files</Filter>
    </ClCompile>
    <ClCompile Include="src\Devices\ScanControls\ODTControl.cpp">
      <Filter>Source Files\Devices\ScanControls</Filter>
    </ClCompile>
    <ClCompile Include="GeneratedFiles\Debug\moc_ZeissMTB.cpp">
      <Filter>Generated Files</Filter>
    </ClCompile>
    <ClCompile Include="GeneratedFiles\Release\moc_VoltageCalibration.cpp">
      <Filter>Generated Files</Filter>
    </ClCompile>
    <ClCompile Include="GeneratedFiles\Debug\moc_filtermount.cpp">
      <Filter>Generated Files</Filter>
    </ClCompile>
    <ClCompile Include="GeneratedFiles\Release\moc_filtermount.cpp">
      <Filter>Generated Files</Filter>
    </ClCompile>
    <ClCompile Include="GeneratedFiles\Release\moc_ZeissMTB.cpp">
      <Filter>Generated Files</Filter>
    </ClCompile>
    <ClCompile Include="src\Acquisition\AcquisitionModes\ScaleCalibration.cpp">
      <Filter>Source Files\Acquisition\AcquisitionModes</Filter>
    </ClCompile>
    <ClCompile Include="GeneratedFiles\Debug\moc_ScaleCalibration.cpp">
      <Filter>Generated Files</Filter>
    </ClCompile>
    <ClCompile Include="GeneratedFiles\Release\moc_ScaleCalibration.cpp">
      <Filter>Generated Files</Filter>
    </ClCompile>
  </ItemGroup>
  <ItemGroup>
    <ClInclude Include="GeneratedFiles\ui_BrillouinAcquisition.h">
      <Filter>Generated Files</Filter>
    </ClInclude>
    <ClInclude Include="external\h5bm\TypesafeBitmask.h">
      <Filter>Header Files</Filter>
    </ClInclude>
    <ClInclude Include="src\circularBuffer.h">
      <Filter>Header Files</Filter>
    </ClInclude>
    <ClInclude Include="src\logger.h">
      <Filter>Header Files</Filter>
    </ClInclude>
    <ClInclude Include="src\stdafx.h">
      <Filter>Header Files</Filter>
    </ClInclude>
    <ClInclude Include="src\Devices\Cameras\cameraParameters.h">
      <Filter>Header Files\Devices\Cameras</Filter>
    </ClInclude>
    <ClInclude Include="src\Devices\com.h">
      <Filter>Header Files\Devices</Filter>
    </ClInclude>
    <ClInclude Include="external\unwrap\unwrap2D.h">
      <Filter>Header Files</Filter>
    </ClInclude>
    <ClInclude Include="src\unwrap2Wrapper.h">
      <Filter>Header Files</Filter>
    </ClInclude>
    <ClInclude Include="src\xsample.h">
      <Filter>Header Files</Filter>
    </ClInclude>
    <ClInclude Include="src\interpolation.h">
      <Filter>Header Files</Filter>
    </ClInclude>
    <ClInclude Include="src\simplemath.h">
      <Filter>Header Files</Filter>
    </ClInclude>
    <ClInclude Include="src\colormaps.h">
      <Filter>Header Files</Filter>
    </ClInclude>
    <ClInclude Include="src\Acquisition\AcquisitionModes\VoltageCalibrationHelper.h">
      <Filter>Header Files\Acquisition\AcquisitionModes</Filter>
    </ClInclude>
    <ClInclude Include="src\POINTS.h">
      <Filter>Header Files</Filter>
    </ClInclude>
    <ClInclude Include="src\Acquisition\AcquisitionModes\ScaleCalibrationHelper.h">
      <Filter>Header Files\Acquisition\AcquisitionModes</Filter>
    </ClInclude>
  </ItemGroup>
  <ItemGroup>
    <CustomBuild Include="external\h5bm\h5bm.h">
      <Filter>Header Files</Filter>
    </CustomBuild>
    <CustomBuild Include="src\BrillouinAcquisition.h">
      <Filter>Header Files</Filter>
    </CustomBuild>
    <CustomBuild Include="src\previewBuffer.h">
      <Filter>Header Files</Filter>
    </CustomBuild>
    <CustomBuild Include="src\storageWrapper.h">
      <Filter>Header Files</Filter>
    </CustomBuild>
    <CustomBuild Include="src\tableModel.h">
      <Filter>Header Files</Filter>
    </CustomBuild>
    <CustomBuild Include="src\thread.h">
      <Filter>Header Files</Filter>
    </CustomBuild>
    <CustomBuild Include="external\qcustomplot\qcustomplot.h">
      <Filter>Header Files</Filter>
    </CustomBuild>
    <CustomBuild Include="src\BrillouinAcquisition.ui">
      <Filter>Form Files</Filter>
    </CustomBuild>
    <CustomBuild Include="BrillouinAcquisition.qrc">
      <Filter>Resource Files</Filter>
    </CustomBuild>
    <CustomBuild Include="src\Devices\Cameras\andor.h">
      <Filter>Header Files\Devices\Cameras</Filter>
    </CustomBuild>
    <CustomBuild Include="src\Devices\Cameras\Camera.h">
      <Filter>Header Files\Devices\Cameras</Filter>
    </CustomBuild>
    <CustomBuild Include="src\Devices\Device.h">
      <Filter>Header Files\Devices</Filter>
    </CustomBuild>
    <CustomBuild Include="src\Devices\ScanControls\NIDAQ.h">
      <Filter>Header Files\Devices\ScanControls</Filter>
    </CustomBuild>
    <CustomBuild Include="src\Devices\Cameras\PointGrey.h">
      <Filter>Header Files\Devices\Cameras</Filter>
    </CustomBuild>
    <CustomBuild Include="src\Devices\ScanControls\ScanControl.h">
      <Filter>Header Files\Devices\ScanControls</Filter>
    </CustomBuild>
    <CustomBuild Include="src\Devices\ScanControls\ZeissECU.h">
      <Filter>Header Files\Devices\ScanControls</Filter>
    </CustomBuild>
    <CustomBuild Include="src\Acquisition\Acquisition.h">
      <Filter>Header Files\Acquisition</Filter>
    </CustomBuild>
    <CustomBuild Include="src\Acquisition\AcquisitionModes\AcquisitionMode.h">
      <Filter>Header Files\Acquisition\AcquisitionModes</Filter>
    </CustomBuild>
    <CustomBuild Include="src\Acquisition\AcquisitionModes\Brillouin.h">
      <Filter>Header Files\Acquisition\AcquisitionModes</Filter>
    </CustomBuild>
    <CustomBuild Include="src\Acquisition\AcquisitionModes\ODT.h">
      <Filter>Header Files\Acquisition\AcquisitionModes</Filter>
    </CustomBuild>
    <CustomBuild Include="src\Devices\filtermount.h">
      <Filter>Header Files\Devices</Filter>
    </CustomBuild>
    <CustomBuild Include="src\Acquisition\AcquisitionModes\Fluorescence.h">
      <Filter>Header Files\Acquisition\AcquisitionModes</Filter>
    </CustomBuild>
    <CustomBuild Include="src\Devices\Cameras\uEyeCam.h">
      <Filter>Header Files\Devices\Cameras</Filter>
    </CustomBuild>
    <CustomBuild Include="src\Acquisition\AcquisitionModes\VoltageCalibration.h">
      <Filter>Header Files\Acquisition\AcquisitionModes</Filter>
    </CustomBuild>
    <CustomBuild Include="src\converter.h">
      <Filter>Header Files</Filter>
    </CustomBuild>
    <CustomBuild Include="src\Devices\Cameras\pvcamera.h">
      <Filter>Header Files\Devices\Cameras</Filter>
    </CustomBuild>
    <CustomBuild Include="src\Devices\ScanControls\ZeissMTB.h">
      <Filter>Header Files\Devices\ScanControls</Filter>
    </CustomBuild>
    <CustomBuild Include="src\Devices\ScanControls\ZeissMTB_Erlangen.h">
      <Filter>Header Files\Devices\ScanControls</Filter>
    </CustomBuild>
    <CustomBuild Include="src\Devices\ScanControls\ODTControl.h">
      <Filter>Header Files\Devices\ScanControls</Filter>
    </CustomBuild>
    <CustomBuild Include="src\Acquisition\AcquisitionModes\ScaleCalibration.h">
      <Filter>Header Files\Acquisition\AcquisitionModes</Filter>
    </CustomBuild>
  </ItemGroup>
  <ItemGroup>
    <ResourceCompile Include="src\BrillouinAcquisition.rc" />
  </ItemGroup>
  <ItemGroup>
    <Natvis Include="external\eigen\debug\msvc\eigen.natvis" />
  </ItemGroup>
</Project>