<?xml version="1.0" encoding="utf-8"?>
<Project ToolsVersion="4.0" xmlns="http://schemas.microsoft.com/developer/msbuild/2003">
  <ItemGroup>
    <Filter Include="Source Files">
      <UniqueIdentifier>{4FC737F1-C7A5-4376-A066-2A32D752A2FF}</UniqueIdentifier>
      <Extensions>cpp;c;cc;cxx;def;odl;idl;hpj;bat;asm;asmx</Extensions>
    </Filter>
    <Filter Include="Header Files">
      <UniqueIdentifier>{93995380-89BD-4b04-88EB-625FBE52EBFB}</UniqueIdentifier>
      <Extensions>h;hh;hpp;hxx;hm;inl;inc;xsd</Extensions>
    </Filter>
    <Filter Include="Resource Files">
      <UniqueIdentifier>{D9D6E242-F8AF-46E4-B9FD-80ECBC20BA3E}</UniqueIdentifier>
      <Extensions>qrc;*</Extensions>
      <ParseFiles>false</ParseFiles>
    </Filter>
    <Filter Include="Resource Files">
      <UniqueIdentifier>{D9D6E242-F8AF-46E4-B9FD-80ECBC20BA3E}</UniqueIdentifier>
      <Extensions>qrc;*</Extensions>
      <ParseFiles>false</ParseFiles>
    </Filter>
    <Filter Include="Generated Files">
      <UniqueIdentifier>{71ED8ED8-ACB9-4CE9-BBE1-E00B30144E11}</UniqueIdentifier>
      <Extensions>moc;h;cpp</Extensions>
      <SourceControlFiles>False</SourceControlFiles>
    </Filter>
  </ItemGroup>
  <ItemGroup>
    <ClCompile Include="BrillouinAcquisitionUnitTest.cpp">
      <Filter>Source Files</Filter>
    </ClCompile>
    <ClCompile Include="stdafx.cpp">
      <Filter>Source Files</Filter>
    </ClCompile>
    <ClCompile Include="MockMicroscope.cpp">
      <Filter>Source Files</Filter>
    </ClCompile>
    <ClCompile Include="ZeissECUTest.cpp">
      <Filter>Source Files</Filter>
    </ClCompile>
    <ClCompile Include="ZeissECUHelpers.cpp">
      <Filter>Source Files</Filter>
    </ClCompile>
    <ClCompile Include="NIDAQ_PositionVoltage.cpp">
      <Filter>Source Files</Filter>
    </ClCompile>
    <ClCompile Include="simplemath.cpp">
      <Filter>Source Files</Filter>
    </ClCompile>
  </ItemGroup>
  <ItemGroup>
    <ClInclude Include="BrillouinAcquisitionUnitTest.h">
      <Filter>Header Files</Filter>
    </ClInclude>
    <ClInclude Include="stdafx.h">
      <Filter>Header Files</Filter>
    </ClInclude>
  </ItemGroup>
  <ItemGroup>
    <ClInclude Include="brillouinacquisitionunittest_global.h">
      <Filter>Header Files</Filter>
    </ClInclude>
  </ItemGroup>
  <ItemGroup>
    <None Include="..\BrillouinAcquisition\x64\Debug\BrillouinAcquisition.pch">
      <Filter>Source Files</Filter>
    </None>
  </ItemGroup>
  <ItemGroup>
    <Object Include="..\BrillouinAcquisition\x64\Debug\logger.obj">
      <Filter>Source Files</Filter>
    </Object>
    <Object Include="..\BrillouinAcquisition\x64\Debug\moc_h5bm.obj">
      <Filter>Source Files</Filter>
    </Object>
    <Object Include="..\BrillouinAcquisition\x64\Debug\moc_scancontrol.obj">
      <Filter>Source Files</Filter>
    </Object>
    <Object Include="..\BrillouinAcquisition\x64\Debug\moc_thread.obj">
      <Filter>Source Files</Filter>
    </Object>
    <Object Include="..\BrillouinAcquisition\x64\Debug\qrc_BrillouinAcquisition.obj">
      <Filter>Source Files</Filter>
    </Object>
    <Object Include="..\BrillouinAcquisition\x64\Debug\scancontrol.obj">
      <Filter>Source Files</Filter>
    </Object>
    <Object Include="..\BrillouinAcquisition\x64\Debug\stdafx.obj">
      <Filter>Source Files</Filter>
    </Object>
    <Object Include="..\BrillouinAcquisition\x64\Debug\ZeissECU.obj">
      <Filter>Source Files</Filter>
    </Object>
    <Object Include="..\BrillouinAcquisition\x64\Debug\moc_ZeissECU.obj">
      <Filter>Source Files</Filter>
    </Object>
    <Object Include="..\BrillouinAcquisition\x64\Debug\NIDAQ.obj">
      <Filter>Source Files</Filter>
    </Object>
    <Object Include="..\BrillouinAcquisition\x64\Debug\moc_NIDAQ.obj">
      <Filter>Source Files</Filter>
    </Object>
  </ItemGroup>
  <ItemGroup>
    <ClCompile Include="stdafx.cpp">
      <Filter>Source Files</Filter>
    </ClCompile>
    <ClCompile Include="MockMicroscope.cpp">
      <Filter>Source Files</Filter>
    </ClCompile>
  </ItemGroup>
  <ItemGroup>
    <ClInclude Include="stdafx.h">
      <Filter>Header Files</Filter>
    </ClInclude>
  </ItemGroup>
  <ItemGroup>
    <QtMoc Include="MockMicroscope.h">
      <Filter>Header Files</Filter>
    </QtMoc>
  </ItemGroup>
</Project>